
Microsoft Visual Studio Solution File, Format Version 12.00
# Visual Studio 14
VisualStudioVersion = 14.0.25420.1
MinimumVisualStudioVersion = 10.0.40219.1
Project("{FAE04EC0-301F-11D3-BF4B-00C04F79EFBC}") = "ECO_Dept", "ECO_Dept\ECO_Dept.csproj", "{7FDFB408-42EB-4F29-AB3A-2C6B08E36962}"
EndProject
Project("{54435603-DBB4-11D2-8724-00A0C9A8B90C}") = "ECO_Setup", "ECO_Setup\ECO_Setup.vdproj", "{AF01413D-E363-463F-ACD8-E4FDAE643CDF}"
EndProject
Global
	GlobalSection(SolutionConfigurationPlatforms) = preSolution
		Debug|Any CPU = Debug|Any CPU
		Debug|x64 = Debug|x64
		Debug|x86 = Debug|x86
		Release|Any CPU = Release|Any CPU
		Release|x64 = Release|x64
		Release|x86 = Release|x86
	EndGlobalSection
	GlobalSection(ProjectConfigurationPlatforms) = postSolution
		{7FDFB408-42EB-4F29-AB3A-2C6B08E36962}.Debug|Any CPU.ActiveCfg = Debug|Any CPU
		{7FDFB408-42EB-4F29-AB3A-2C6B08E36962}.Debug|Any CPU.Build.0 = Debug|Any CPU
		{7FDFB408-42EB-4F29-AB3A-2C6B08E36962}.Debug|x64.ActiveCfg = Debug|Any CPU
		{7FDFB408-42EB-4F29-AB3A-2C6B08E36962}.Debug|x64.Build.0 = Debug|Any CPU
		{7FDFB408-42EB-4F29-AB3A-2C6B08E36962}.Debug|x86.ActiveCfg = Debug|Any CPU
		{7FDFB408-42EB-4F29-AB3A-2C6B08E36962}.Debug|x86.Build.0 = Debug|Any CPU
		{7FDFB408-42EB-4F29-AB3A-2C6B08E36962}.Release|Any CPU.ActiveCfg = Release|Any CPU
		{7FDFB408-42EB-4F29-AB3A-2C6B08E36962}.Release|Any CPU.Build.0 = Release|Any CPU
		{7FDFB408-42EB-4F29-AB3A-2C6B08E36962}.Release|x64.ActiveCfg = Release|Any CPU
		{7FDFB408-42EB-4F29-AB3A-2C6B08E36962}.Release|x64.Build.0 = Release|Any CPU
		{7FDFB408-42EB-4F29-AB3A-2C6B08E36962}.Release|x86.ActiveCfg = Release|Any CPU
		{7FDFB408-42EB-4F29-AB3A-2C6B08E36962}.Release|x86.Build.0 = Release|Any CPU
		{AF01413D-E363-463F-ACD8-E4FDAE643CDF}.Debug|Any CPU.ActiveCfg = Debug
		{AF01413D-E363-463F-ACD8-E4FDAE643CDF}.Debug|x64.ActiveCfg = Debug
		{AF01413D-E363-463F-ACD8-E4FDAE643CDF}.Debug|x86.ActiveCfg = Debug
		{AF01413D-E363-463F-ACD8-E4FDAE643CDF}.Release|Any CPU.ActiveCfg = Release
		{AF01413D-E363-463F-ACD8-E4FDAE643CDF}.Release|x64.ActiveCfg = Release
		{AF01413D-E363-463F-ACD8-E4FDAE643CDF}.Release|x86.ActiveCfg = Release
	EndGlobalSection
	GlobalSection(SolutionProperties) = preSolution
		HideSolutionNode = FALSE
	EndGlobalSection
EndGlobal
